
Microsoft Visual Studio Solution File, Format Version 12.00
# Visual Studio Version 16
VisualStudioVersion = 16.0.32413.511
MinimumVisualStudioVersion = 10.0.40219.1
Project("{FAE04EC0-301F-11D3-BF4B-00C04F79EFBC}") = "ping_task_19", "ping_task_vs19\ping_task_19.csproj", "{1A9B9A22-CF77-45BE-A779-BAD88ECFF118}"
EndProject
Global
	GlobalSection(SolutionConfigurationPlatforms) = preSolution
		Debug|Any CPU = Debug|Any CPU
		Release|Any CPU = Release|Any CPU
	EndGlobalSection
	GlobalSection(ProjectConfigurationPlatforms) = postSolution
		{1A9B9A22-CF77-45BE-A779-BAD88ECFF118}.Debug|Any CPU.ActiveCfg = Debug|Any CPU
		{1A9B9A22-CF77-45BE-A779-BAD88ECFF118}.Debug|Any CPU.Build.0 = Debug|Any CPU
		{1A9B9A22-CF77-45BE-A779-BAD88ECFF118}.Release|Any CPU.ActiveCfg = Release|Any CPU
		{1A9B9A22-CF77-45BE-A779-BAD88ECFF118}.Release|Any CPU.Build.0 = Release|Any CPU
	EndGlobalSection
	GlobalSection(SolutionProperties) = preSolution
		HideSolutionNode = FALSE
	EndGlobalSection
	GlobalSection(ExtensibilityGlobals) = postSolution
		SolutionGuid = {55EE9397-5870-4FFA-A380-B8C149B3B87E}
	EndGlobalSection
EndGlobal
